
Microsoft Visual Studio Solution File, Format Version 12.00
# Visual Studio Version 17
VisualStudioVersion = 17.8.34330.188
MinimumVisualStudioVersion = 10.0.40219.1
Project("{9A19103F-16F7-4668-BE54-9A1E7A4F7556}") = "TelegramBot.App", "App\TelegramBot.App.csproj", "{D11594EE-B7B8-43F5-B8BD-C9A7DD513477}"
EndProject
Global
	GlobalSection(SolutionConfigurationPlatforms) = preSolution
		Debug|Any CPU = Debug|Any CPU
		Release|Any CPU = Release|Any CPU
	EndGlobalSection
	GlobalSection(ProjectConfigurationPlatforms) = postSolution
		{D11594EE-B7B8-43F5-B8BD-C9A7DD513477}.Debug|Any CPU.ActiveCfg = Debug|Any CPU
		{D11594EE-B7B8-43F5-B8BD-C9A7DD513477}.Debug|Any CPU.Build.0 = Debug|Any CPU
		{D11594EE-B7B8-43F5-B8BD-C9A7DD513477}.Release|Any CPU.ActiveCfg = Release|Any CPU
		{D11594EE-B7B8-43F5-B8BD-C9A7DD513477}.Release|Any CPU.Build.0 = Release|Any CPU
	EndGlobalSection
	GlobalSection(SolutionProperties) = preSolution
		HideSolutionNode = FALSE
	EndGlobalSection
	GlobalSection(ExtensibilityGlobals) = postSolution
		SolutionGuid = {37E836A9-5725-4E6D-8DA4-01A5E0C187E9}
	EndGlobalSection
EndGlobal
